<?xml version="1.0" encoding="utf-8"?>
<Project ToolsVersion="4.0" xmlns="http://schemas.microsoft.com/developer/msbuild/2003">
  <ItemGroup>
    <Filter Include="Source Files">
      <UniqueIdentifier>{4FC737F1-C7A5-4376-A066-2A32D752A2FF}</UniqueIdentifier>
      <Extensions>cpp;c;cc;cxx;c++;def;odl;idl;hpj;bat;asm;asmx</Extensions>
    </Filter>
    <Filter Include="Header Files">
      <UniqueIdentifier>{93995380-89BD-4b04-88EB-625FBE52EBFB}</UniqueIdentifier>
      <Extensions>h;hh;hpp;hxx;h++;hm;inl;inc;ipp;xsd</Extensions>
    </Filter>
    <Filter Include="Resource Files">
      <UniqueIdentifier>{67DA6AB6-F800-4c08-8B7A-83BB121AAD01}</UniqueIdentifier>
      <Extensions>rc;ico;cur;bmp;dlg;rc2;rct;bin;rgs;gif;jpg;jpeg;jpe;resx;tiff;tif;png;wav;mfcribbon-ms</Extensions>
    </Filter>
    <Filter Include="Source Files\shaders">
      <UniqueIdentifier>{e3177a63-d1d1-4308-9470-68c5598aa402}</UniqueIdentifier>
    </Filter>
    <Filter Include="Source Files\world">
      <UniqueIdentifier>{76661aa3-2de1-4f40-a89f-0d48c1fbc276}</UniqueIdentifier>
    </Filter>
    <Filter Include="Source Files\maths">
      <UniqueIdentifier>{9a3510c0-91a1-4e78-9547-9fc98dcb71d9}</UniqueIdentifier>
    </Filter>
  </ItemGroup>
  <ItemGroup>
    <ClCompile Include="glad.c">
      <Filter>Source Files</Filter>
    </ClCompile>
    <ClCompile Include="stb_image.cpp">
      <Filter>Source Files</Filter>
    </ClCompile>
    <ClCompile Include="source\main.cpp">
      <Filter>Source Files</Filter>
    </ClCompile>
    <ClCompile Include="source\game.cpp">
      <Filter>Source Files</Filter>
    </ClCompile>
    <ClCompile Include="source\resource_manager.cpp">
      <Filter>Source Files</Filter>
    </ClCompile>
    <ClCompile Include="source\texture.cpp">
      <Filter>Source Files</Filter>
    </ClCompile>
    <ClCompile Include="source\shader.cpp">
      <Filter>Source Files</Filter>
    </ClCompile>
    <ClCompile Include="source\renderer.cpp">
      <Filter>Source Files</Filter>
    </ClCompile>
    <ClCompile Include="source\world\mesh.cpp">
      <Filter>Source Files\world</Filter>
    </ClCompile>
    <ClCompile Include="source\world\world.cpp">
      <Filter>Source Files\world</Filter>
    </ClCompile>
    <ClCompile Include="source\world\chunk.cpp">
      <Filter>Source Files\world</Filter>
    </ClCompile>
    <ClCompile Include="source\world\chunk_manager.cpp">
      <Filter>Source Files\world</Filter>
    </ClCompile>
    <ClCompile Include="source\world\block.cpp">
      <Filter>Source Files\world</Filter>
    </ClCompile>
    <ClCompile Include="source\world\chunk_mesh_builder.cpp">
      <Filter>Source Files\world</Filter>
    </ClCompile>
    <ClCompile Include="source\world\texture_atlas.cpp">
      <Filter>Source Files\world</Filter>
    </ClCompile>
    <ClCompile Include="source\text_renderer.cpp">
      <Filter>Source Files</Filter>
    </ClCompile>
    <ClCompile Include="source\maths\vector_hash.cpp">
      <Filter>Source Files\maths</Filter>
    </ClCompile>
    <ClCompile Include="source\world\map_generator.cpp">
      <Filter>Source Files\world</Filter>
    </ClCompile>
    <ClCompile Include="source\SimplexNoise.cpp">
      <Filter>Source Files</Filter>
    </ClCompile>
  </ItemGroup>
  <ItemGroup>
    <ClInclude Include="source\shader.h">
      <Filter>Source Files</Filter>
    </ClInclude>
    <ClInclude Include="source\camera.h">
      <Filter>Source Files</Filter>
    </ClInclude>
    <ClInclude Include="source\game.h">
      <Filter>Source Files</Filter>
    </ClInclude>
    <ClInclude Include="source\resource_manager.h">
      <Filter>Source Files</Filter>
    </ClInclude>
    <ClInclude Include="source\texture.h">
      <Filter>Source Files</Filter>
    </ClInclude>
    <ClInclude Include="source\renderer.h">
      <Filter>Source Files</Filter>
    </ClInclude>
    <ClInclude Include="source\world\mesh.h">
      <Filter>Source Files\world</Filter>
    </ClInclude>
    <ClInclude Include="source\world\vertex.h">
      <Filter>Source Files\world</Filter>
    </ClInclude>
    <ClInclude Include="source\world\world_constants.h">
      <Filter>Source Files\world</Filter>
    </ClInclude>
    <ClInclude Include="source\world\world.h">
      <Filter>Source Files\world</Filter>
    </ClInclude>
    <ClInclude Include="source\world\chunk.h">
      <Filter>Source Files\world</Filter>
    </ClInclude>
    <ClInclude Include="source\world\chunk_manager.h">
      <Filter>Source Files\world</Filter>
    </ClInclude>
    <ClInclude Include="source\maths\vector_hash.h">
      <Filter>Source Files\maths</Filter>
    </ClInclude>
    <ClInclude Include="source\world\block.h">
      <Filter>Source Files\world</Filter>
    </ClInclude>
    <ClInclude Include="source\world\chunk_mesh_builder.h">
      <Filter>Source Files\world</Filter>
    </ClInclude>
    <ClInclude Include="source\world\block_id.h">
      <Filter>Source Files\world</Filter>
    </ClInclude>
    <ClInclude Include="source\world\texture_atlas.h">
      <Filter>Source Files\world</Filter>
    </ClInclude>
    <ClInclude Include="source\world\texture_tiles.h">
      <Filter>Source Files\world</Filter>
    </ClInclude>
    <ClInclude Include="source\text_renderer.h">
      <Filter>Source Files</Filter>
    </ClInclude>
    <ClInclude Include="source\world\map_generator.h">
      <Filter>Source Files\world</Filter>
    </ClInclude>
    <ClInclude Include="source\SimplexNoise.h">
      <Filter>Source Files</Filter>
    </ClInclude>
  </ItemGroup>
  <ItemGroup>
    <None Include="source\shaders\objectFS.glsl">
      <Filter>Source Files\shaders</Filter>
    </None>
    <None Include="source\shaders\objectVS.glsl">
      <Filter>Source Files\shaders</Filter>
    </None>
    <None Include="source\shaders\text_2dFS.glsl">
      <Filter>Source Files\shaders</Filter>
    </None>
    <None Include="source\shaders\text_2dVS.glsl">
      <Filter>Source Files\shaders</Filter>
    </None>
  </ItemGroup>
</Project>